
Microsoft Visual Studio Solution File, Format Version 12.00
# Visual Studio Version 17
VisualStudioVersion = 17.11.35222.181
MinimumVisualStudioVersion = 10.0.40219.1
Project("{8BC9CEB8-8B4A-11D0-8D11-00A0C91BC942}") = "Lab1", "Lab1\Lab1.vcxproj", "{6E58CE01-0FEC-4779-A3B2-46EA2699417D}"
EndProject
Project("{8BC9CEB8-8B4A-11D0-8D11-00A0C91BC942}") = "lab2", "lab2\lab2.vcxproj", "{F8BDEE80-37C4-4880-B73F-DE7371F2EEE9}"
EndProject
Project("{8BC9CEB8-8B4A-11D0-8D11-00A0C91BC942}") = "lab3", "lab3\lab3.vcxproj", "{D2D64145-E211-49EF-9297-7851102FB85F}"
EndProject
Project("{8BC9CEB8-8B4A-11D0-8D11-00A0C91BC942}") = "lab4", "lab4\lab4.vcxproj", "{A835E2B6-1096-4403-8B52-2076B19A8BDC}"
EndProject
Project("{8BC9CEB8-8B4A-11D0-8D11-00A0C91BC942}") = "lab5", "lab5\lab5.vcxproj", "{41BE62A2-0C09-47FB-A39A-FC98D8BE8C58}"
EndProject
Project("{8BC9CEB8-8B4A-11D0-8D11-00A0C91BC942}") = "lab6", "lab6\lab6.vcxproj", "{E9816434-2038-417F-8333-D1D92DF0C1BB}"
EndProject
Project("{8BC9CEB8-8B4A-11D0-8D11-00A0C91BC942}") = "lab7", "lab7\lab7.vcxproj", "{46BF4295-13A5-43C3-8074-64F2BFDCCAEE}"
EndProject
Project("{8BC9CEB8-8B4A-11D0-8D11-00A0C91BC942}") = "lab8", "lab8\lab8.vcxproj", "{E5B33AEA-9C99-48AC-A8BD-874645CFC471}"
EndProject
Project("{8BC9CEB8-8B4A-11D0-8D11-00A0C91BC942}") = "lab9", "lab9\lab9.vcxproj", "{CD8E2EF1-897D-4DF3-B93C-98D127BCE505}"
EndProject
Project("{9A19103F-16F7-4668-BE54-9A1E7A4F7556}") = "lab6-1", "lab6-1\lab6-1.csproj", "{AA3E4323-8FB7-4A1B-8C5B-20814D2D5F53}"
EndProject
Project("{8BC9CEB8-8B4A-11D0-8D11-00A0C91BC942}") = "lab10", "lab10\lab10.vcxproj", "{3153D72C-36B9-4735-9A57-A10333EFD694}"
EndProject
Project("{8BC9CEB8-8B4A-11D0-8D11-00A0C91BC942}") = "lab11", "lab11\lab11.vcxproj", "{54F16E44-8C28-4560-A6F8-25B9E2D08451}"
EndProject
Global
	GlobalSection(SolutionConfigurationPlatforms) = preSolution
		Debug|Any CPU = Debug|Any CPU
		Debug|x64 = Debug|x64
		Debug|x86 = Debug|x86
		Release|Any CPU = Release|Any CPU
		Release|x64 = Release|x64
		Release|x86 = Release|x86
	EndGlobalSection
	GlobalSection(ProjectConfigurationPlatforms) = postSolution
		{6E58CE01-0FEC-4779-A3B2-46EA2699417D}.Debug|Any CPU.ActiveCfg = Debug|x64
		{6E58CE01-0FEC-4779-A3B2-46EA2699417D}.Debug|Any CPU.Build.0 = Debug|x64
		{6E58CE01-0FEC-4779-A3B2-46EA2699417D}.Debug|x64.ActiveCfg = Debug|x64
		{6E58CE01-0FEC-4779-A3B2-46EA2699417D}.Debug|x64.Build.0 = Debug|x64
		{6E58CE01-0FEC-4779-A3B2-46EA2699417D}.Debug|x86.ActiveCfg = Debug|Win32
		{6E58CE01-0FEC-4779-A3B2-46EA2699417D}.Debug|x86.Build.0 = Debug|Win32
		{6E58CE01-0FEC-4779-A3B2-46EA2699417D}.Release|Any CPU.ActiveCfg = Release|x64
		{6E58CE01-0FEC-4779-A3B2-46EA2699417D}.Release|Any CPU.Build.0 = Release|x64
		{6E58CE01-0FEC-4779-A3B2-46EA2699417D}.Release|x64.ActiveCfg = Release|x64
		{6E58CE01-0FEC-4779-A3B2-46EA2699417D}.Release|x64.Build.0 = Release|x64
		{6E58CE01-0FEC-4779-A3B2-46EA2699417D}.Release|x86.ActiveCfg = Release|Win32
		{6E58CE01-0FEC-4779-A3B2-46EA2699417D}.Release|x86.Build.0 = Release|Win32
		{F8BDEE80-37C4-4880-B73F-DE7371F2EEE9}.Debug|Any CPU.ActiveCfg = Debug|x64
		{F8BDEE80-37C4-4880-B73F-DE7371F2EEE9}.Debug|Any CPU.Build.0 = Debug|x64
		{F8BDEE80-37C4-4880-B73F-DE7371F2EEE9}.Debug|x64.ActiveCfg = Debug|x64
		{F8BDEE80-37C4-4880-B73F-DE7371F2EEE9}.Debug|x64.Build.0 = Debug|x64
		{F8BDEE80-37C4-4880-B73F-DE7371F2EEE9}.Debug|x86.ActiveCfg = Debug|Win32
		{F8BDEE80-37C4-4880-B73F-DE7371F2EEE9}.Debug|x86.Build.0 = Debug|Win32
		{F8BDEE80-37C4-4880-B73F-DE7371F2EEE9}.Release|Any CPU.ActiveCfg = Release|x64
		{F8BDEE80-37C4-4880-B73F-DE7371F2EEE9}.Release|Any CPU.Build.0 = Release|x64
		{F8BDEE80-37C4-4880-B73F-DE7371F2EEE9}.Release|x64.ActiveCfg = Release|x64
		{F8BDEE80-37C4-4880-B73F-DE7371F2EEE9}.Release|x64.Build.0 = Release|x64
		{F8BDEE80-37C4-4880-B73F-DE7371F2EEE9}.Release|x86.ActiveCfg = Release|Win32
		{F8BDEE80-37C4-4880-B73F-DE7371F2EEE9}.Release|x86.Build.0 = Release|Win32
		{D2D64145-E211-49EF-9297-7851102FB85F}.Debug|Any CPU.ActiveCfg = Debug|x64
		{D2D64145-E211-49EF-9297-7851102FB85F}.Debug|Any CPU.Build.0 = Debug|x64
		{D2D64145-E211-49EF-9297-7851102FB85F}.Debug|x64.ActiveCfg = Debug|x64
		{D2D64145-E211-49EF-9297-7851102FB85F}.Debug|x64.Build.0 = Debug|x64
		{D2D64145-E211-49EF-9297-7851102FB85F}.Debug|x86.ActiveCfg = Debug|Win32
		{D2D64145-E211-49EF-9297-7851102FB85F}.Debug|x86.Build.0 = Debug|Win32
		{D2D64145-E211-49EF-9297-7851102FB85F}.Release|Any CPU.ActiveCfg = Release|x64
		{D2D64145-E211-49EF-9297-7851102FB85F}.Release|Any CPU.Build.0 = Release|x64
		{D2D64145-E211-49EF-9297-7851102FB85F}.Release|x64.ActiveCfg = Release|x64
		{D2D64145-E211-49EF-9297-7851102FB85F}.Release|x64.Build.0 = Release|x64
		{D2D64145-E211-49EF-9297-7851102FB85F}.Release|x86.ActiveCfg = Release|Win32
		{D2D64145-E211-49EF-9297-7851102FB85F}.Release|x86.Build.0 = Release|Win32
		{A835E2B6-1096-4403-8B52-2076B19A8BDC}.Debug|Any CPU.ActiveCfg = Debug|x64
		{A835E2B6-1096-4403-8B52-2076B19A8BDC}.Debug|Any CPU.Build.0 = Debug|x64
		{A835E2B6-1096-4403-8B52-2076B19A8BDC}.Debug|x64.ActiveCfg = Debug|x64
		{A835E2B6-1096-4403-8B52-2076B19A8BDC}.Debug|x64.Build.0 = Debug|x64
		{A835E2B6-1096-4403-8B52-2076B19A8BDC}.Debug|x86.ActiveCfg = Debug|Win32
		{A835E2B6-1096-4403-8B52-2076B19A8BDC}.Debug|x86.Build.0 = Debug|Win32
		{A835E2B6-1096-4403-8B52-2076B19A8BDC}.Release|Any CPU.ActiveCfg = Release|x64
		{A835E2B6-1096-4403-8B52-2076B19A8BDC}.Release|Any CPU.Build.0 = Release|x64
		{A835E2B6-1096-4403-8B52-2076B19A8BDC}.Release|x64.ActiveCfg = Release|x64
		{A835E2B6-1096-4403-8B52-2076B19A8BDC}.Release|x64.Build.0 = Release|x64
		{A835E2B6-1096-4403-8B52-2076B19A8BDC}.Release|x86.ActiveCfg = Release|Win32
		{A835E2B6-1096-4403-8B52-2076B19A8BDC}.Release|x86.Build.0 = Release|Win32
		{41BE62A2-0C09-47FB-A39A-FC98D8BE8C58}.Debug|Any CPU.ActiveCfg = Debug|x64
		{41BE62A2-0C09-47FB-A39A-FC98D8BE8C58}.Debug|Any CPU.Build.0 = Debug|x64
		{41BE62A2-0C09-47FB-A39A-FC98D8BE8C58}.Debug|x64.ActiveCfg = Debug|x64
		{41BE62A2-0C09-47FB-A39A-FC98D8BE8C58}.Debug|x64.Build.0 = Debug|x64
		{41BE62A2-0C09-47FB-A39A-FC98D8BE8C58}.Debug|x86.ActiveCfg = Debug|Win32
		{41BE62A2-0C09-47FB-A39A-FC98D8BE8C58}.Debug|x86.Build.0 = Debug|Win32
		{41BE62A2-0C09-47FB-A39A-FC98D8BE8C58}.Release|Any CPU.ActiveCfg = Release|x64
		{41BE62A2-0C09-47FB-A39A-FC98D8BE8C58}.Release|Any CPU.Build.0 = Release|x64
		{41BE62A2-0C09-47FB-A39A-FC98D8BE8C58}.Release|x64.ActiveCfg = Release|x64
		{41BE62A2-0C09-47FB-A39A-FC98D8BE8C58}.Release|x64.Build.0 = Release|x64
		{41BE62A2-0C09-47FB-A39A-FC98D8BE8C58}.Release|x86.ActiveCfg = Release|Win32
		{41BE62A2-0C09-47FB-A39A-FC98D8BE8C58}.Release|x86.Build.0 = Release|Win32
		{E9816434-2038-417F-8333-D1D92DF0C1BB}.Debug|Any CPU.ActiveCfg = Debug|x64
		{E9816434-2038-417F-8333-D1D92DF0C1BB}.Debug|Any CPU.Build.0 = Debug|x64
		{E9816434-2038-417F-8333-D1D92DF0C1BB}.Debug|x64.ActiveCfg = Debug|x64
		{E9816434-2038-417F-8333-D1D92DF0C1BB}.Debug|x64.Build.0 = Debug|x64
		{E9816434-2038-417F-8333-D1D92DF0C1BB}.Debug|x86.ActiveCfg = Debug|Win32
		{E9816434-2038-417F-8333-D1D92DF0C1BB}.Debug|x86.Build.0 = Debug|Win32
		{E9816434-2038-417F-8333-D1D92DF0C1BB}.Release|Any CPU.ActiveCfg = Release|x64
		{E9816434-2038-417F-8333-D1D92DF0C1BB}.Release|Any CPU.Build.0 = Release|x64
		{E9816434-2038-417F-8333-D1D92DF0C1BB}.Release|x64.ActiveCfg = Release|x64
		{E9816434-2038-417F-8333-D1D92DF0C1BB}.Release|x64.Build.0 = Release|x64
		{E9816434-2038-417F-8333-D1D92DF0C1BB}.Release|x86.ActiveCfg = Release|Win32
		{E9816434-2038-417F-8333-D1D92DF0C1BB}.Release|x86.Build.0 = Release|Win32
		{46BF4295-13A5-43C3-8074-64F2BFDCCAEE}.Debug|Any CPU.ActiveCfg = Debug|x64
		{46BF4295-13A5-43C3-8074-64F2BFDCCAEE}.Debug|Any CPU.Build.0 = Debug|x64
		{46BF4295-13A5-43C3-8074-64F2BFDCCAEE}.Debug|x64.ActiveCfg = Debug|x64
		{46BF4295-13A5-43C3-8074-64F2BFDCCAEE}.Debug|x64.Build.0 = Debug|x64
		{46BF4295-13A5-43C3-8074-64F2BFDCCAEE}.Debug|x86.ActiveCfg = Debug|Win32
		{46BF4295-13A5-43C3-8074-64F2BFDCCAEE}.Debug|x86.Build.0 = Debug|Win32
		{46BF4295-13A5-43C3-8074-64F2BFDCCAEE}.Release|Any CPU.ActiveCfg = Release|x64
		{46BF4295-13A5-43C3-8074-64F2BFDCCAEE}.Release|Any CPU.Build.0 = Release|x64
		{46BF4295-13A5-43C3-8074-64F2BFDCCAEE}.Release|x64.ActiveCfg = Release|x64
		{46BF4295-13A5-43C3-8074-64F2BFDCCAEE}.Release|x64.Build.0 = Release|x64
		{46BF4295-13A5-43C3-8074-64F2BFDCCAEE}.Release|x86.ActiveCfg = Release|Win32
		{46BF4295-13A5-43C3-8074-64F2BFDCCAEE}.Release|x86.Build.0 = Release|Win32
		{E5B33AEA-9C99-48AC-A8BD-874645CFC471}.Debug|Any CPU.ActiveCfg = Debug|x64
		{E5B33AEA-9C99-48AC-A8BD-874645CFC471}.Debug|Any CPU.Build.0 = Debug|x64
		{E5B33AEA-9C99-48AC-A8BD-874645CFC471}.Debug|x64.ActiveCfg = Debug|x64
		{E5B33AEA-9C99-48AC-A8BD-874645CFC471}.Debug|x64.Build.0 = Debug|x64
		{E5B33AEA-9C99-48AC-A8BD-874645CFC471}.Debug|x86.ActiveCfg = Debug|Win32
		{E5B33AEA-9C99-48AC-A8BD-874645CFC471}.Debug|x86.Build.0 = Debug|Win32
		{E5B33AEA-9C99-48AC-A8BD-874645CFC471}.Release|Any CPU.ActiveCfg = Release|x64
		{E5B33AEA-9C99-48AC-A8BD-874645CFC471}.Release|Any CPU.Build.0 = Release|x64
		{E5B33AEA-9C99-48AC-A8BD-874645CFC471}.Release|x64.ActiveCfg = Release|x64
		{E5B33AEA-9C99-48AC-A8BD-874645CFC471}.Release|x64.Build.0 = Release|x64
		{E5B33AEA-9C99-48AC-A8BD-874645CFC471}.Release|x86.ActiveCfg = Release|Win32
		{E5B33AEA-9C99-48AC-A8BD-874645CFC471}.Release|x86.Build.0 = Release|Win32
		{CD8E2EF1-897D-4DF3-B93C-98D127BCE505}.Debug|Any CPU.ActiveCfg = Debug|x64
		{CD8E2EF1-897D-4DF3-B93C-98D127BCE505}.Debug|Any CPU.Build.0 = Debug|x64
		{CD8E2EF1-897D-4DF3-B93C-98D127BCE505}.Debug|x64.ActiveCfg = Debug|x64
		{CD8E2EF1-897D-4DF3-B93C-98D127BCE505}.Debug|x64.Build.0 = Debug|x64
		{CD8E2EF1-897D-4DF3-B93C-98D127BCE505}.Debug|x86.ActiveCfg = Debug|Win32
		{CD8E2EF1-897D-4DF3-B93C-98D127BCE505}.Debug|x86.Build.0 = Debug|Win32
		{CD8E2EF1-897D-4DF3-B93C-98D127BCE505}.Release|Any CPU.ActiveCfg = Release|x64
		{CD8E2EF1-897D-4DF3-B93C-98D127BCE505}.Release|Any CPU.Build.0 = Release|x64
		{CD8E2EF1-897D-4DF3-B93C-98D127BCE505}.Release|x64.ActiveCfg = Release|x64
		{CD8E2EF1-897D-4DF3-B93C-98D127BCE505}.Release|x64.Build.0 = Release|x64
		{CD8E2EF1-897D-4DF3-B93C-98D127BCE505}.Release|x86.ActiveCfg = Release|Win32
		{CD8E2EF1-897D-4DF3-B93C-98D127BCE505}.Release|x86.Build.0 = Release|Win32
		{AA3E4323-8FB7-4A1B-8C5B-20814D2D5F53}.Debug|Any CPU.ActiveCfg = Debug|Any CPU
		{AA3E4323-8FB7-4A1B-8C5B-20814D2D5F53}.Debug|Any CPU.Build.0 = Debug|Any CPU
		{AA3E4323-8FB7-4A1B-8C5B-20814D2D5F53}.Debug|x64.ActiveCfg = Debug|Any CPU
		{AA3E4323-8FB7-4A1B-8C5B-20814D2D5F53}.Debug|x64.Build.0 = Debug|Any CPU
		{AA3E4323-8FB7-4A1B-8C5B-20814D2D5F53}.Debug|x86.ActiveCfg = Debug|Any CPU
		{AA3E4323-8FB7-4A1B-8C5B-20814D2D5F53}.Debug|x86.Build.0 = Debug|Any CPU
		{AA3E4323-8FB7-4A1B-8C5B-20814D2D5F53}.Release|Any CPU.ActiveCfg = Release|Any CPU
		{AA3E4323-8FB7-4A1B-8C5B-20814D2D5F53}.Release|Any CPU.Build.0 = Release|Any CPU
		{AA3E4323-8FB7-4A1B-8C5B-20814D2D5F53}.Release|x64.ActiveCfg = Release|Any CPU
		{AA3E4323-8FB7-4A1B-8C5B-20814D2D5F53}.Release|x64.Build.0 = Release|Any CPU
		{AA3E4323-8FB7-4A1B-8C5B-20814D2D5F53}.Release|x86.ActiveCfg = Release|Any CPU
		{AA3E4323-8FB7-4A1B-8C5B-20814D2D5F53}.Release|x86.Build.0 = Release|Any CPU
		{3153D72C-36B9-4735-9A57-A10333EFD694}.Debug|Any CPU.ActiveCfg = Debug|x64
		{3153D72C-36B9-4735-9A57-A10333EFD694}.Debug|Any CPU.Build.0 = Debug|x64
		{3153D72C-36B9-4735-9A57-A10333EFD694}.Debug|x64.ActiveCfg = Debug|x64
		{3153D72C-36B9-4735-9A57-A10333EFD694}.Debug|x64.Build.0 = Debug|x64
		{3153D72C-36B9-4735-9A57-A10333EFD694}.Debug|x86.ActiveCfg = Debug|Win32
		{3153D72C-36B9-4735-9A57-A10333EFD694}.Debug|x86.Build.0 = Debug|Win32
		{3153D72C-36B9-4735-9A57-A10333EFD694}.Release|Any CPU.ActiveCfg = Release|x64
		{3153D72C-36B9-4735-9A57-A10333EFD694}.Release|Any CPU.Build.0 = Release|x64
		{3153D72C-36B9-4735-9A57-A10333EFD694}.Release|x64.ActiveCfg = Release|x64
		{3153D72C-36B9-4735-9A57-A10333EFD694}.Release|x64.Build.0 = Release|x64
		{3153D72C-36B9-4735-9A57-A10333EFD694}.Release|x86.ActiveCfg = Release|Win32
		{3153D72C-36B9-4735-9A57-A10333EFD694}.Release|x86.Build.0 = Release|Win32
		{54F16E44-8C28-4560-A6F8-25B9E2D08451}.Debug|Any CPU.ActiveCfg = Debug|x64
		{54F16E44-8C28-4560-A6F8-25B9E2D08451}.Debug|Any CPU.Build.0 = Debug|x64
		{54F16E44-8C28-4560-A6F8-25B9E2D08451}.Debug|x64.ActiveCfg = Debug|x64
		{54F16E44-8C28-4560-A6F8-25B9E2D08451}.Debug|x64.Build.0 = Debug|x64
		{54F16E44-8C28-4560-A6F8-25B9E2D08451}.Debug|x86.ActiveCfg = Debug|Win32
		{54F16E44-8C28-4560-A6F8-25B9E2D08451}.Debug|x86.Build.0 = Debug|Win32
		{54F16E44-8C28-4560-A6F8-25B9E2D08451}.Release|Any CPU.ActiveCfg = Release|x64
		{54F16E44-8C28-4560-A6F8-25B9E2D08451}.Release|Any CPU.Build.0 = Release|x64
		{54F16E44-8C28-4560-A6F8-25B9E2D08451}.Release|x64.ActiveCfg = Release|x64
		{54F16E44-8C28-4560-A6F8-25B9E2D08451}.Release|x64.Build.0 = Release|x64
		{54F16E44-8C28-4560-A6F8-25B9E2D08451}.Release|x86.ActiveCfg = Release|Win32
		{54F16E44-8C28-4560-A6F8-25B9E2D08451}.Release|x86.Build.0 = Release|Win32
	EndGlobalSection
	GlobalSection(SolutionProperties) = preSolution
		HideSolutionNode = FALSE
	EndGlobalSection
	GlobalSection(ExtensibilityGlobals) = postSolution
		SolutionGuid = {502656CB-2E50-422C-A645-29D6C2139D2A}
	EndGlobalSection
EndGlobal
